
Microsoft Visual Studio Solution File, Format Version 12.00
# Visual Studio Version 16
VisualStudioVersion = 16.0.29519.181
MinimumVisualStudioVersion = 10.0.40219.1
Project("{FAE04EC0-301F-11D3-BF4B-00C04F79EFBC}") = "KubectlParser", "KubectlParser\KubectlParser.csproj", "{B9BC06DF-DA4B-4E38-886C-4EBB2815D8C1}"
EndProject
Project("{FAE04EC0-301F-11D3-BF4B-00C04F79EFBC}") = "KubectlParser.Test", "KubectlParser.Test\KubectlParser.Test.csproj", "{2DB55390-EC2C-4B9B-A7D0-B42344F66E16}"
EndProject
Global
	GlobalSection(SolutionConfigurationPlatforms) = preSolution
		Debug|Any CPU = Debug|Any CPU
		Release|Any CPU = Release|Any CPU
	EndGlobalSection
	GlobalSection(ProjectConfigurationPlatforms) = postSolution
		{B9BC06DF-DA4B-4E38-886C-4EBB2815D8C1}.Debug|Any CPU.ActiveCfg = Debug|Any CPU
		{B9BC06DF-DA4B-4E38-886C-4EBB2815D8C1}.Debug|Any CPU.Build.0 = Debug|Any CPU
		{B9BC06DF-DA4B-4E38-886C-4EBB2815D8C1}.Release|Any CPU.ActiveCfg = Release|Any CPU
		{B9BC06DF-DA4B-4E38-886C-4EBB2815D8C1}.Release|Any CPU.Build.0 = Release|Any CPU
		{2DB55390-EC2C-4B9B-A7D0-B42344F66E16}.Debug|Any CPU.ActiveCfg = Debug|Any CPU
		{2DB55390-EC2C-4B9B-A7D0-B42344F66E16}.Debug|Any CPU.Build.0 = Debug|Any CPU
		{2DB55390-EC2C-4B9B-A7D0-B42344F66E16}.Release|Any CPU.ActiveCfg = Release|Any CPU
		{2DB55390-EC2C-4B9B-A7D0-B42344F66E16}.Release|Any CPU.Build.0 = Release|Any CPU
	EndGlobalSection
	GlobalSection(SolutionProperties) = preSolution
		HideSolutionNode = FALSE
	EndGlobalSection
	GlobalSection(ExtensibilityGlobals) = postSolution
		SolutionGuid = {F176F8F6-3BBA-4238-AFDA-F6EBC99C85C4}
	EndGlobalSection
EndGlobal
