Microsoft Visual Studio Solution File, Format Version 12.00
# Visual Studio 15
VisualStudioVersion = 15.0.26124.0
MinimumVisualStudioVersion = 15.0.26124.0
Project("{FAE04EC0-301F-11D3-BF4B-00C04F79EFBC}") = "Cake.Kubernetes", "Cake.Kubernetes\Cake.Kubernetes.csproj", "{7373058C-0AE2-4E5F-A999-DCC73CDCABEA}"
EndProject
Project("{FAE04EC0-301F-11D3-BF4B-00C04F79EFBC}") = "Cake.Kubernetes.Tests", "Cake.Kubernetes.Tests\Cake.Kubernetes.Tests.csproj", "{00D5748F-E28D-4D26-984A-732A07B4ADFD}"
EndProject
Global
	GlobalSection(SolutionProperties) = preSolution
		HideSolutionNode = FALSE
	EndGlobalSection
	GlobalSection(SolutionConfigurationPlatforms) = preSolution
		Debug|Any CPU = Debug|Any CPU
		Release|Any CPU = Release|Any CPU
	EndGlobalSection
	GlobalSection(ProjectConfigurationPlatforms) = postSolution
		{7373058C-0AE2-4E5F-A999-DCC73CDCABEA}.Debug|Any CPU.ActiveCfg = Debug|Any CPU
		{7373058C-0AE2-4E5F-A999-DCC73CDCABEA}.Debug|Any CPU.Build.0 = Debug|Any CPU
		{7373058C-0AE2-4E5F-A999-DCC73CDCABEA}.Release|Any CPU.ActiveCfg = Release|Any CPU
		{7373058C-0AE2-4E5F-A999-DCC73CDCABEA}.Release|Any CPU.Build.0 = Release|Any CPU
		{00D5748F-E28D-4D26-984A-732A07B4ADFD}.Debug|Any CPU.ActiveCfg = Debug|Any CPU
		{00D5748F-E28D-4D26-984A-732A07B4ADFD}.Debug|Any CPU.Build.0 = Debug|Any CPU
		{00D5748F-E28D-4D26-984A-732A07B4ADFD}.Release|Any CPU.ActiveCfg = Release|Any CPU
		{00D5748F-E28D-4D26-984A-732A07B4ADFD}.Release|Any CPU.Build.0 = Release|Any CPU
	EndGlobalSection
EndGlobal
